dependencies:
- name: postgresql
  repository: https://charts.bitnami.com/bitnami
  version: 18.2.3
- name: glitchtip
  repository: https://gitlab.com/api/v4/projects/16325141/packages/helm/stable
  version: 7.1.0
digest: sha256:7350dae09abbcc16294cd08ec1dd78935db80c9d432c23d024e6931f160d2a9a
generated: "2026-01-21T09:21:56.720891+01:00"
